
Microsoft Visual Studio Solution File, Format Version 12.00
# Visual Studio Version 17
VisualStudioVersion = 17.4.33205.214
MinimumVisualStudioVersion = 10.0.40219.1
Project("{FAE04EC0-301F-11D3-BF4B-00C04F79EFBC}") = "ProjectIV_Group6_Section2", "ProjectIV_Group6_Section2\ProjectIV_Group6_Section2.csproj", "{A0D20DED-AF4C-4F89-8D4B-D8F3BCDBBBA9}"
EndProject
Global
	GlobalSection(SolutionConfigurationPlatforms) = preSolution
		Debug|Any CPU = Debug|Any CPU
		Release|Any CPU = Release|Any CPU
	EndGlobalSection
	GlobalSection(ProjectConfigurationPlatforms) = postSolution
		{A0D20DED-AF4C-4F89-8D4B-D8F3BCDBBBA9}.Debug|Any CPU.ActiveCfg = Debug|Any CPU
		{A0D20DED-AF4C-4F89-8D4B-D8F3BCDBBBA9}.Debug|Any CPU.Build.0 = Debug|Any CPU
		{A0D20DED-AF4C-4F89-8D4B-D8F3BCDBBBA9}.Release|Any CPU.ActiveCfg = Release|Any CPU
		{A0D20DED-AF4C-4F89-8D4B-D8F3BCDBBBA9}.Release|Any CPU.Build.0 = Release|Any CPU
	EndGlobalSection
	GlobalSection(SolutionProperties) = preSolution
		HideSolutionNode = FALSE
	EndGlobalSection
	GlobalSection(ExtensibilityGlobals) = postSolution
		SolutionGuid = {4D9BF73D-87CF-47CC-AF9A-11B715D22986}
	EndGlobalSection
EndGlobal
